
Microsoft Visual Studio Solution File, Format Version 12.00
Project("{FAE04EC0-301F-11D3-BF4B-00C04F79EFBC}") = "Learning csharp", "Learning csharp\Learning csharp.csproj", "{6A3CB5F6-3BE6-4E42-A167-C73B9C5EDE5B}"
EndProject
Project("{FAE04EC0-301F-11D3-BF4B-00C04F79EFBC}") = "Working with classes structs and records", "Working with classes structs and records\Working with classes structs and records.csproj", "{54CEDFAA-2E66-41B3-98DA-C5625EC6AB37}"
EndProject
Project("{FAE04EC0-301F-11D3-BF4B-00C04F79EFBC}") = "Equality Comparison in types", "Equality Comparison in types\Equality Comparison in types.csproj", "{442D5C59-E067-4A4C-BB6E-E8526C1ACA0F}"
EndProject
Project("{FAE04EC0-301F-11D3-BF4B-00C04F79EFBC}") = "Abstract classes", "Abstract classes\Abstract classes.csproj", "{B46C606B-759E-492D-B98D-C55119E65F4C}"
EndProject
Project("{FAE04EC0-301F-11D3-BF4B-00C04F79EFBC}") = "Static Classes", "Static Classes\Static Classes.csproj", "{C53843FA-B108-438F-A500-C42CFC3142B4}"
EndProject
Project("{FAE04EC0-301F-11D3-BF4B-00C04F79EFBC}") = "Variables", "Variables\Variables.csproj", "{87E9B30B-178A-4956-9529-DCAF7A0756A9}"
EndProject
Global
	GlobalSection(SolutionConfigurationPlatforms) = preSolution
		Debug|Any CPU = Debug|Any CPU
		Release|Any CPU = Release|Any CPU
	EndGlobalSection
	GlobalSection(ProjectConfigurationPlatforms) = postSolution
		{6A3CB5F6-3BE6-4E42-A167-C73B9C5EDE5B}.Debug|Any CPU.ActiveCfg = Debug|Any CPU
		{6A3CB5F6-3BE6-4E42-A167-C73B9C5EDE5B}.Debug|Any CPU.Build.0 = Debug|Any CPU
		{6A3CB5F6-3BE6-4E42-A167-C73B9C5EDE5B}.Release|Any CPU.ActiveCfg = Release|Any CPU
		{6A3CB5F6-3BE6-4E42-A167-C73B9C5EDE5B}.Release|Any CPU.Build.0 = Release|Any CPU
		{54CEDFAA-2E66-41B3-98DA-C5625EC6AB37}.Debug|Any CPU.ActiveCfg = Debug|Any CPU
		{54CEDFAA-2E66-41B3-98DA-C5625EC6AB37}.Debug|Any CPU.Build.0 = Debug|Any CPU
		{54CEDFAA-2E66-41B3-98DA-C5625EC6AB37}.Release|Any CPU.ActiveCfg = Release|Any CPU
		{54CEDFAA-2E66-41B3-98DA-C5625EC6AB37}.Release|Any CPU.Build.0 = Release|Any CPU
		{442D5C59-E067-4A4C-BB6E-E8526C1ACA0F}.Debug|Any CPU.ActiveCfg = Debug|Any CPU
		{442D5C59-E067-4A4C-BB6E-E8526C1ACA0F}.Debug|Any CPU.Build.0 = Debug|Any CPU
		{442D5C59-E067-4A4C-BB6E-E8526C1ACA0F}.Release|Any CPU.ActiveCfg = Release|Any CPU
		{442D5C59-E067-4A4C-BB6E-E8526C1ACA0F}.Release|Any CPU.Build.0 = Release|Any CPU
		{B46C606B-759E-492D-B98D-C55119E65F4C}.Debug|Any CPU.ActiveCfg = Debug|Any CPU
		{B46C606B-759E-492D-B98D-C55119E65F4C}.Debug|Any CPU.Build.0 = Debug|Any CPU
		{B46C606B-759E-492D-B98D-C55119E65F4C}.Release|Any CPU.ActiveCfg = Release|Any CPU
		{B46C606B-759E-492D-B98D-C55119E65F4C}.Release|Any CPU.Build.0 = Release|Any CPU
		{C53843FA-B108-438F-A500-C42CFC3142B4}.Debug|Any CPU.ActiveCfg = Debug|Any CPU
		{C53843FA-B108-438F-A500-C42CFC3142B4}.Debug|Any CPU.Build.0 = Debug|Any CPU
		{C53843FA-B108-438F-A500-C42CFC3142B4}.Release|Any CPU.ActiveCfg = Release|Any CPU
		{C53843FA-B108-438F-A500-C42CFC3142B4}.Release|Any CPU.Build.0 = Release|Any CPU
		{87E9B30B-178A-4956-9529-DCAF7A0756A9}.Debug|Any CPU.ActiveCfg = Debug|Any CPU
		{87E9B30B-178A-4956-9529-DCAF7A0756A9}.Debug|Any CPU.Build.0 = Debug|Any CPU
		{87E9B30B-178A-4956-9529-DCAF7A0756A9}.Release|Any CPU.ActiveCfg = Release|Any CPU
		{87E9B30B-178A-4956-9529-DCAF7A0756A9}.Release|Any CPU.Build.0 = Release|Any CPU
	EndGlobalSection
EndGlobal
