
Microsoft Visual Studio Solution File, Format Version 12.00
Project("{FAE04EC0-301F-11D3-BF4B-00C04F79EFBC}") = "Learning csharp", "Learning csharp\Learning csharp.csproj", "{6A3CB5F6-3BE6-4E42-A167-C73B9C5EDE5B}"
EndProject
Project("{FAE04EC0-301F-11D3-BF4B-00C04F79EFBC}") = "Working with classes structs and records", "Working with classes structs and records\Working with classes structs and records.csproj", "{54CEDFAA-2E66-41B3-98DA-C5625EC6AB37}"
EndProject
Project("{FAE04EC0-301F-11D3-BF4B-00C04F79EFBC}") = "Equality Comparison in types", "Equality Comparison in types\Equality Comparison in types.csproj", "{442D5C59-E067-4A4C-BB6E-E8526C1ACA0F}"
EndProject
Project("{FAE04EC0-301F-11D3-BF4B-00C04F79EFBC}") = "Abstract classes", "Abstract classes\Abstract classes.csproj", "{B46C606B-759E-492D-B98D-C55119E65F4C}"
EndProject
Project("{FAE04EC0-301F-11D3-BF4B-00C04F79EFBC}") = "Static Classes", "Static Classes\Static Classes.csproj", "{C53843FA-B108-438F-A500-C42CFC3142B4}"
EndProject
Project("{FAE04EC0-301F-11D3-BF4B-00C04F79EFBC}") = "Variables", "Variables\Variables.csproj", "{87E9B30B-178A-4956-9529-DCAF7A0756A9}"
EndProject
Project("{FAE04EC0-301F-11D3-BF4B-00C04F79EFBC}") = "Enums and Nullables", "Enums and Nullables\Enums and Nullables.csproj", "{2CC5EE1B-0724-4057-B558-D78B0C3966CE}"
EndProject
Project("{2150E333-8FDC-42A3-9474-1A3956D46DE8}") = "Types and flow control", "Types and flow control", "{E1E7E466-48B8-4207-B3C7-A44F1D7206B1}"
EndProject
Project("{FAE04EC0-301F-11D3-BF4B-00C04F79EFBC}") = "Working with nullables", "Working with nullables\Working with nullables.csproj", "{6BDCA1B0-1900-44F2-BC7C-CF94CAA308E1}"
EndProject
Project("{2150E333-8FDC-42A3-9474-1A3956D46DE8}") = "Test Driven Development", "Test Driven Development", "{9098551C-5C52-4DB8-A8DA-5E7745CD5EF7}"
EndProject
Project("{FAE04EC0-301F-11D3-BF4B-00C04F79EFBC}") = "HPlusTDD.Core.Tests", "HPlusTDD.Core.Tests\HPlusTDD.Core.Tests.csproj", "{FD43E873-C796-4407-BCFD-ECC09BA31DB2}"
EndProject
Global
	GlobalSection(SolutionConfigurationPlatforms) = preSolution
		Debug|Any CPU = Debug|Any CPU
		Release|Any CPU = Release|Any CPU
	EndGlobalSection
	GlobalSection(ProjectConfigurationPlatforms) = postSolution
		{6A3CB5F6-3BE6-4E42-A167-C73B9C5EDE5B}.Debug|Any CPU.ActiveCfg = Debug|Any CPU
		{6A3CB5F6-3BE6-4E42-A167-C73B9C5EDE5B}.Debug|Any CPU.Build.0 = Debug|Any CPU
		{6A3CB5F6-3BE6-4E42-A167-C73B9C5EDE5B}.Release|Any CPU.ActiveCfg = Release|Any CPU
		{6A3CB5F6-3BE6-4E42-A167-C73B9C5EDE5B}.Release|Any CPU.Build.0 = Release|Any CPU
		{54CEDFAA-2E66-41B3-98DA-C5625EC6AB37}.Debug|Any CPU.ActiveCfg = Debug|Any CPU
		{54CEDFAA-2E66-41B3-98DA-C5625EC6AB37}.Debug|Any CPU.Build.0 = Debug|Any CPU
		{54CEDFAA-2E66-41B3-98DA-C5625EC6AB37}.Release|Any CPU.ActiveCfg = Release|Any CPU
		{54CEDFAA-2E66-41B3-98DA-C5625EC6AB37}.Release|Any CPU.Build.0 = Release|Any CPU
		{442D5C59-E067-4A4C-BB6E-E8526C1ACA0F}.Debug|Any CPU.ActiveCfg = Debug|Any CPU
		{442D5C59-E067-4A4C-BB6E-E8526C1ACA0F}.Debug|Any CPU.Build.0 = Debug|Any CPU
		{442D5C59-E067-4A4C-BB6E-E8526C1ACA0F}.Release|Any CPU.ActiveCfg = Release|Any CPU
		{442D5C59-E067-4A4C-BB6E-E8526C1ACA0F}.Release|Any CPU.Build.0 = Release|Any CPU
		{B46C606B-759E-492D-B98D-C55119E65F4C}.Debug|Any CPU.ActiveCfg = Debug|Any CPU
		{B46C606B-759E-492D-B98D-C55119E65F4C}.Debug|Any CPU.Build.0 = Debug|Any CPU
		{B46C606B-759E-492D-B98D-C55119E65F4C}.Release|Any CPU.ActiveCfg = Release|Any CPU
		{B46C606B-759E-492D-B98D-C55119E65F4C}.Release|Any CPU.Build.0 = Release|Any CPU
		{C53843FA-B108-438F-A500-C42CFC3142B4}.Debug|Any CPU.ActiveCfg = Debug|Any CPU
		{C53843FA-B108-438F-A500-C42CFC3142B4}.Debug|Any CPU.Build.0 = Debug|Any CPU
		{C53843FA-B108-438F-A500-C42CFC3142B4}.Release|Any CPU.ActiveCfg = Release|Any CPU
		{C53843FA-B108-438F-A500-C42CFC3142B4}.Release|Any CPU.Build.0 = Release|Any CPU
		{87E9B30B-178A-4956-9529-DCAF7A0756A9}.Debug|Any CPU.ActiveCfg = Debug|Any CPU
		{87E9B30B-178A-4956-9529-DCAF7A0756A9}.Debug|Any CPU.Build.0 = Debug|Any CPU
		{87E9B30B-178A-4956-9529-DCAF7A0756A9}.Release|Any CPU.ActiveCfg = Release|Any CPU
		{87E9B30B-178A-4956-9529-DCAF7A0756A9}.Release|Any CPU.Build.0 = Release|Any CPU
		{2CC5EE1B-0724-4057-B558-D78B0C3966CE}.Debug|Any CPU.ActiveCfg = Debug|Any CPU
		{2CC5EE1B-0724-4057-B558-D78B0C3966CE}.Debug|Any CPU.Build.0 = Debug|Any CPU
		{2CC5EE1B-0724-4057-B558-D78B0C3966CE}.Release|Any CPU.ActiveCfg = Release|Any CPU
		{2CC5EE1B-0724-4057-B558-D78B0C3966CE}.Release|Any CPU.Build.0 = Release|Any CPU
		{6BDCA1B0-1900-44F2-BC7C-CF94CAA308E1}.Debug|Any CPU.ActiveCfg = Debug|Any CPU
		{6BDCA1B0-1900-44F2-BC7C-CF94CAA308E1}.Debug|Any CPU.Build.0 = Debug|Any CPU
		{6BDCA1B0-1900-44F2-BC7C-CF94CAA308E1}.Release|Any CPU.ActiveCfg = Release|Any CPU
		{6BDCA1B0-1900-44F2-BC7C-CF94CAA308E1}.Release|Any CPU.Build.0 = Release|Any CPU
		{FD43E873-C796-4407-BCFD-ECC09BA31DB2}.Debug|Any CPU.ActiveCfg = Debug|Any CPU
		{FD43E873-C796-4407-BCFD-ECC09BA31DB2}.Debug|Any CPU.Build.0 = Debug|Any CPU
		{FD43E873-C796-4407-BCFD-ECC09BA31DB2}.Release|Any CPU.ActiveCfg = Release|Any CPU
		{FD43E873-C796-4407-BCFD-ECC09BA31DB2}.Release|Any CPU.Build.0 = Release|Any CPU
	EndGlobalSection
	GlobalSection(NestedProjects) = preSolution
		{54CEDFAA-2E66-41B3-98DA-C5625EC6AB37} = {E1E7E466-48B8-4207-B3C7-A44F1D7206B1}
		{B46C606B-759E-492D-B98D-C55119E65F4C} = {E1E7E466-48B8-4207-B3C7-A44F1D7206B1}
		{2CC5EE1B-0724-4057-B558-D78B0C3966CE} = {E1E7E466-48B8-4207-B3C7-A44F1D7206B1}
		{442D5C59-E067-4A4C-BB6E-E8526C1ACA0F} = {E1E7E466-48B8-4207-B3C7-A44F1D7206B1}
		{6A3CB5F6-3BE6-4E42-A167-C73B9C5EDE5B} = {E1E7E466-48B8-4207-B3C7-A44F1D7206B1}
		{C53843FA-B108-438F-A500-C42CFC3142B4} = {E1E7E466-48B8-4207-B3C7-A44F1D7206B1}
		{87E9B30B-178A-4956-9529-DCAF7A0756A9} = {E1E7E466-48B8-4207-B3C7-A44F1D7206B1}
		{6BDCA1B0-1900-44F2-BC7C-CF94CAA308E1} = {E1E7E466-48B8-4207-B3C7-A44F1D7206B1}
		{FD43E873-C796-4407-BCFD-ECC09BA31DB2} = {9098551C-5C52-4DB8-A8DA-5E7745CD5EF7}
	EndGlobalSection
EndGlobal
